Microsoft Visual Studio Solution File, Format Version 12.00
# Visual Studio 15
VisualStudioVersion = 15.0.26114.2
MinimumVisualStudioVersion = 10.0.40219.1
Project("{2150E333-8FDC-42A3-9474-1A3956D46DE8}") = "src", "src", "{20410A75-C8E6-45E4-B70A-9E88F8267359}"
EndProject
Project("{2150E333-8FDC-42A3-9474-1A3956D46DE8}") = "Solution Items", "Solution Items", "{23E3096A-BB26-45FB-B449-69C5A3C58387}"
	ProjectSection(SolutionItems) = preProject
		.gitignore = .gitignore
		.travis.yml = .travis.yml
		appveyor.yml = appveyor.yml
		createArtifacts.ps1 = createArtifacts.ps1
		README.md = README.md
	EndProjectSection
EndProject
Project("{2150E333-8FDC-42A3-9474-1A3956D46DE8}") = "test", "test", "{650371FA-695E-4487-B31C-A8049D9643E6}"
EndProject
Project("{2150E333-8FDC-42A3-9474-1A3956D46DE8}") = "examples", "examples", "{4457F826-BED6-498A-BD55-74CD33809CB7}"
EndProject
Project("{2150E333-8FDC-42A3-9474-1A3956D46DE8}") = "docs", "docs", "{F484E37E-9227-4DDC-BA9F-DE3239BFB4D8}"
	ProjectSection(SolutionItems) = preProject
		docs\overview.md = docs\overview.md
	EndProjectSection
EndProject
Project("{2150E333-8FDC-42A3-9474-1A3956D46DE8}") = "untyped-object-definition", "untyped-object-definition", "{A02D0A24-8979-46DC-B645-7EC4D3668128}"
	ProjectSection(SolutionItems) = preProject
		docs\untyped-object-definition\overview.md = docs\untyped-object-definition\overview.md
	EndProjectSection
EndProject
Project("{2150E333-8FDC-42A3-9474-1A3956D46DE8}") = "typed-object-definition", "typed-object-definition", "{95724C1A-471A-4FDF-89A1-B47A7CCB65F3}"
	ProjectSection(SolutionItems) = preProject
		docs\typed-object-definition\overview.md = docs\typed-object-definition\overview.md
	EndProjectSection
EndProject
Project("{2150E333-8FDC-42A3-9474-1A3956D46DE8}") = "interfaces", "interfaces", "{E08A50B9-BF75-4D71-9141-AF14C9740150}"
	ProjectSection(SolutionItems) = preProject
		docs\interfaces\overview.md = docs\interfaces\overview.md
	EndProjectSection
EndProject
Project("{2150E333-8FDC-42A3-9474-1A3956D46DE8}") = "input-object-definition", "input-object-definition", "{A36BE8A6-BCA4-43D2-A37A-27A165C9EECB}"
	ProjectSection(SolutionItems) = preProject
		docs\input-object-definition\overview.md = docs\input-object-definition\overview.md
	EndProjectSection
EndProject
Project("{FAE04EC0-301F-11D3-BF4B-00C04F79EFBC}") = "GraphQLCore.GraphiQLExample", "examples\GraphQLCore.GraphiQLExample\GraphQLCore.GraphiQLExample.csproj", "{5BD84899-5B7F-4113-9D6A-7C0381BE87B8}"
EndProject
Project("{FAE04EC0-301F-11D3-BF4B-00C04F79EFBC}") = "GraphQLCore", "src\GraphQLCore\GraphQLCore.csproj", "{333A2997-AD48-40DD-BEA3-74A1B8BE3CF0}"
EndProject
Project("{FAE04EC0-301F-11D3-BF4B-00C04F79EFBC}") = "GraphQLCore.Tests", "test\GraphQLCore.Tests\GraphQLCore.Tests.csproj", "{7A4D3BBD-CC5B-4D17-9471-8045ABF9BCCF}"
EndProject
Global
	GlobalSection(SolutionConfigurationPlatforms) = preSolution
		Debug|Any CPU = Debug|Any CPU
		Release|Any CPU = Release|Any CPU
		Debug|x64 = Debug|x64
		Debug|x86 = Debug|x86
		Release|x64 = Release|x64
		Release|x86 = Release|x86
	EndGlobalSection
	GlobalSection(ProjectConfigurationPlatforms) = postSolution
		{5BD84899-5B7F-4113-9D6A-7C0381BE87B8}.Debug|Any CPU.ActiveCfg = Debug|Any CPU
		{5BD84899-5B7F-4113-9D6A-7C0381BE87B8}.Debug|Any CPU.Build.0 = Debug|Any CPU
		{5BD84899-5B7F-4113-9D6A-7C0381BE87B8}.Debug|x64.ActiveCfg = Debug|x64
		{5BD84899-5B7F-4113-9D6A-7C0381BE87B8}.Debug|x64.Build.0 = Debug|x64
		{5BD84899-5B7F-4113-9D6A-7C0381BE87B8}.Debug|x86.ActiveCfg = Debug|x86
		{5BD84899-5B7F-4113-9D6A-7C0381BE87B8}.Debug|x86.Build.0 = Debug|x86
		{5BD84899-5B7F-4113-9D6A-7C0381BE87B8}.Release|Any CPU.ActiveCfg = Release|Any CPU
		{5BD84899-5B7F-4113-9D6A-7C0381BE87B8}.Release|Any CPU.Build.0 = Release|Any CPU
		{5BD84899-5B7F-4113-9D6A-7C0381BE87B8}.Release|x64.ActiveCfg = Release|x64
		{5BD84899-5B7F-4113-9D6A-7C0381BE87B8}.Release|x64.Build.0 = Release|x64
		{5BD84899-5B7F-4113-9D6A-7C0381BE87B8}.Release|x86.ActiveCfg = Release|x86
		{5BD84899-5B7F-4113-9D6A-7C0381BE87B8}.Release|x86.Build.0 = Release|x86
		{333A2997-AD48-40DD-BEA3-74A1B8BE3CF0}.Debug|Any CPU.ActiveCfg = Debug|Any CPU
		{333A2997-AD48-40DD-BEA3-74A1B8BE3CF0}.Debug|Any CPU.Build.0 = Debug|Any CPU
		{333A2997-AD48-40DD-BEA3-74A1B8BE3CF0}.Debug|x64.ActiveCfg = Debug|x64
		{333A2997-AD48-40DD-BEA3-74A1B8BE3CF0}.Debug|x64.Build.0 = Debug|x64
		{333A2997-AD48-40DD-BEA3-74A1B8BE3CF0}.Debug|x86.ActiveCfg = Debug|x86
		{333A2997-AD48-40DD-BEA3-74A1B8BE3CF0}.Debug|x86.Build.0 = Debug|x86
		{333A2997-AD48-40DD-BEA3-74A1B8BE3CF0}.Release|Any CPU.ActiveCfg = Release|Any CPU
		{333A2997-AD48-40DD-BEA3-74A1B8BE3CF0}.Release|Any CPU.Build.0 = Release|Any CPU
		{333A2997-AD48-40DD-BEA3-74A1B8BE3CF0}.Release|x64.ActiveCfg = Release|x64
		{333A2997-AD48-40DD-BEA3-74A1B8BE3CF0}.Release|x64.Build.0 = Release|x64
		{333A2997-AD48-40DD-BEA3-74A1B8BE3CF0}.Release|x86.ActiveCfg = Release|x86
		{333A2997-AD48-40DD-BEA3-74A1B8BE3CF0}.Release|x86.Build.0 = Release|x86
		{7A4D3BBD-CC5B-4D17-9471-8045ABF9BCCF}.Debug|Any CPU.ActiveCfg = Debug|Any CPU
		{7A4D3BBD-CC5B-4D17-9471-8045ABF9BCCF}.Debug|Any CPU.Build.0 = Debug|Any CPU
		{7A4D3BBD-CC5B-4D17-9471-8045ABF9BCCF}.Debug|x64.ActiveCfg = Debug|x64
		{7A4D3BBD-CC5B-4D17-9471-8045ABF9BCCF}.Debug|x64.Build.0 = Debug|x64
		{7A4D3BBD-CC5B-4D17-9471-8045ABF9BCCF}.Debug|x86.ActiveCfg = Debug|x86
		{7A4D3BBD-CC5B-4D17-9471-8045ABF9BCCF}.Debug|x86.Build.0 = Debug|x86
		{7A4D3BBD-CC5B-4D17-9471-8045ABF9BCCF}.Release|Any CPU.ActiveCfg = Release|Any CPU
		{7A4D3BBD-CC5B-4D17-9471-8045ABF9BCCF}.Release|Any CPU.Build.0 = Release|Any CPU
		{7A4D3BBD-CC5B-4D17-9471-8045ABF9BCCF}.Release|x64.ActiveCfg = Release|x64
		{7A4D3BBD-CC5B-4D17-9471-8045ABF9BCCF}.Release|x64.Build.0 = Release|x64
		{7A4D3BBD-CC5B-4D17-9471-8045ABF9BCCF}.Release|x86.ActiveCfg = Release|x86
		{7A4D3BBD-CC5B-4D17-9471-8045ABF9BCCF}.Release|x86.Build.0 = Release|x86
	EndGlobalSection
	GlobalSection(SolutionProperties) = preSolution
		HideSolutionNode = FALSE
	EndGlobalSection
	GlobalSection(NestedProjects) = preSolution
		{5BD84899-5B7F-4113-9D6A-7C0381BE87B8} = {4457F826-BED6-498A-BD55-74CD33809CB7}
		{333A2997-AD48-40DD-BEA3-74A1B8BE3CF0} = {20410A75-C8E6-45E4-B70A-9E88F8267359}
		{7A4D3BBD-CC5B-4D17-9471-8045ABF9BCCF} = {650371FA-695E-4487-B31C-A8049D9643E6}
	EndGlobalSection
EndGlobal
